
Microsoft Visual Studio Solution File, Format Version 12.00
# Visual Studio Version 17
VisualStudioVersion = 17.0.31903.59
MinimumVisualStudioVersion = 10.0.40219.1
Project("{2150E333-8FDC-42A3-9474-1A3956D46DE8}") = "src", "src", "{D2C2AE57-B6BA-4C72-8F0F-CB328F6FAAC5}"
EndProject
Project("{2150E333-8FDC-42A3-9474-1A3956D46DE8}") = "config", "config", "{BD4E99C6-3530-404D-A76E-AF1248941A96}"
	ProjectSection(SolutionItems) = preProject
		appsettings.json = appsettings.json
	EndProjectSection
EndProject
Project("{9A19103F-16F7-4668-BE54-9A1E7A4F7556}") = "RinhaBackend2023Q3.Application", "src\2 - Application\RinhaBackend2023Q3.Application\RinhaBackend2023Q3.Application.csproj", "{10E59C7C-80BF-48EA-BACB-D332787CCD23}"
EndProject
Project("{9A19103F-16F7-4668-BE54-9A1E7A4F7556}") = "RinhaBackend2023Q3.Domain", "src\1 - Domain\RinhaBackend2023Q3.Domain\RinhaBackend2023Q3.Domain.csproj", "{5AAD314B-9074-43B8-95AA-AEB7B9C8C428}"
EndProject
Project("{9A19103F-16F7-4668-BE54-9A1E7A4F7556}") = "RinhaBackend2023Q3.Infra.Data", "src\3 - Infra\RinhaBackend2023Q3.Infra.Data\RinhaBackend2023Q3.Infra.Data.csproj", "{7ED90E72-7A14-43E8-8A84-1A5EA7908EA3}"
EndProject
Project("{9A19103F-16F7-4668-BE54-9A1E7A4F7556}") = "RinhaBackend2023Q3.Presentation.Api", "src\0 - Presentation\RinhaBackend2023Q3.Presentation.Api\RinhaBackend2023Q3.Presentation.Api.csproj", "{A1750824-F4AC-4B4C-A3D7-0013E036B1E9}"
EndProject
Project("{9A19103F-16F7-4668-BE54-9A1E7A4F7556}") = "RinhaBackend2023Q3.Infra", "src\3 - Infra\RinhaBackend2023Q3.Infra\RinhaBackend2023Q3.Infra.csproj", "{4EB08A1D-50EA-4C19-8819-C6956ED43DB0}"
EndProject
Project("{2150E333-8FDC-42A3-9474-1A3956D46DE8}") = "0 - Presentation", "0 - Presentation", "{76194B11-1500-4CE8-8230-52BB80623952}"
EndProject
Project("{2150E333-8FDC-42A3-9474-1A3956D46DE8}") = "1 - Domain", "1 - Domain", "{940D6D9E-4237-4DEB-839F-4B476AB7CBB8}"
EndProject
Project("{2150E333-8FDC-42A3-9474-1A3956D46DE8}") = "2 - Application", "2 - Application", "{84511E41-CB98-4CD3-8039-56738A468D28}"
EndProject
Project("{2150E333-8FDC-42A3-9474-1A3956D46DE8}") = "3 - Infra", "3 - Infra", "{6658A97A-3FBA-4C09-8482-420A2EE12567}"
EndProject
Global
	GlobalSection(SolutionConfigurationPlatforms) = preSolution
		Debug|Any CPU = Debug|Any CPU
		Release|Any CPU = Release|Any CPU
	EndGlobalSection
	GlobalSection(ProjectConfigurationPlatforms) = postSolution
		{10E59C7C-80BF-48EA-BACB-D332787CCD23}.Debug|Any CPU.ActiveCfg = Debug|Any CPU
		{10E59C7C-80BF-48EA-BACB-D332787CCD23}.Debug|Any CPU.Build.0 = Debug|Any CPU
		{10E59C7C-80BF-48EA-BACB-D332787CCD23}.Release|Any CPU.ActiveCfg = Release|Any CPU
		{10E59C7C-80BF-48EA-BACB-D332787CCD23}.Release|Any CPU.Build.0 = Release|Any CPU
		{5AAD314B-9074-43B8-95AA-AEB7B9C8C428}.Debug|Any CPU.ActiveCfg = Debug|Any CPU
		{5AAD314B-9074-43B8-95AA-AEB7B9C8C428}.Debug|Any CPU.Build.0 = Debug|Any CPU
		{5AAD314B-9074-43B8-95AA-AEB7B9C8C428}.Release|Any CPU.ActiveCfg = Release|Any CPU
		{5AAD314B-9074-43B8-95AA-AEB7B9C8C428}.Release|Any CPU.Build.0 = Release|Any CPU
		{7ED90E72-7A14-43E8-8A84-1A5EA7908EA3}.Debug|Any CPU.ActiveCfg = Debug|Any CPU
		{7ED90E72-7A14-43E8-8A84-1A5EA7908EA3}.Debug|Any CPU.Build.0 = Debug|Any CPU
		{7ED90E72-7A14-43E8-8A84-1A5EA7908EA3}.Release|Any CPU.ActiveCfg = Release|Any CPU
		{7ED90E72-7A14-43E8-8A84-1A5EA7908EA3}.Release|Any CPU.Build.0 = Release|Any CPU
		{A1750824-F4AC-4B4C-A3D7-0013E036B1E9}.Debug|Any CPU.ActiveCfg = Debug|Any CPU
		{A1750824-F4AC-4B4C-A3D7-0013E036B1E9}.Debug|Any CPU.Build.0 = Debug|Any CPU
		{A1750824-F4AC-4B4C-A3D7-0013E036B1E9}.Release|Any CPU.ActiveCfg = Release|Any CPU
		{A1750824-F4AC-4B4C-A3D7-0013E036B1E9}.Release|Any CPU.Build.0 = Release|Any CPU
		{4EB08A1D-50EA-4C19-8819-C6956ED43DB0}.Debug|Any CPU.ActiveCfg = Debug|Any CPU
		{4EB08A1D-50EA-4C19-8819-C6956ED43DB0}.Debug|Any CPU.Build.0 = Debug|Any CPU
		{4EB08A1D-50EA-4C19-8819-C6956ED43DB0}.Release|Any CPU.ActiveCfg = Release|Any CPU
		{4EB08A1D-50EA-4C19-8819-C6956ED43DB0}.Release|Any CPU.Build.0 = Release|Any CPU
	EndGlobalSection
	GlobalSection(SolutionProperties) = preSolution
		HideSolutionNode = FALSE
	EndGlobalSection
	GlobalSection(NestedProjects) = preSolution
		{10E59C7C-80BF-48EA-BACB-D332787CCD23} = {84511E41-CB98-4CD3-8039-56738A468D28}
		{5AAD314B-9074-43B8-95AA-AEB7B9C8C428} = {940D6D9E-4237-4DEB-839F-4B476AB7CBB8}
		{7ED90E72-7A14-43E8-8A84-1A5EA7908EA3} = {6658A97A-3FBA-4C09-8482-420A2EE12567}
		{A1750824-F4AC-4B4C-A3D7-0013E036B1E9} = {76194B11-1500-4CE8-8230-52BB80623952}
		{4EB08A1D-50EA-4C19-8819-C6956ED43DB0} = {6658A97A-3FBA-4C09-8482-420A2EE12567}
		{76194B11-1500-4CE8-8230-52BB80623952} = {D2C2AE57-B6BA-4C72-8F0F-CB328F6FAAC5}
		{940D6D9E-4237-4DEB-839F-4B476AB7CBB8} = {D2C2AE57-B6BA-4C72-8F0F-CB328F6FAAC5}
		{84511E41-CB98-4CD3-8039-56738A468D28} = {D2C2AE57-B6BA-4C72-8F0F-CB328F6FAAC5}
		{6658A97A-3FBA-4C09-8482-420A2EE12567} = {D2C2AE57-B6BA-4C72-8F0F-CB328F6FAAC5}
	EndGlobalSection
	GlobalSection(ExtensibilityGlobals) = postSolution
		SolutionGuid = {8A802C70-CF8F-42BE-877D-4BB48999970B}
	EndGlobalSection
EndGlobal
